// !$*UTF8*$!
{
	archiveVersion = 1;
	classes = {
	};
	objectVersion = 77;
	objects = {

/* Begin PBXBuildFile section */
		00CF200AE600512B319C3288 /* Newsreader-Italic.ttf in Resources */ = {isa = PBXBuildFile; fileRef = 0FD374FF50C57C8CDAC6FF39 /* Newsreader-Italic.ttf */; };
		0A4CD72A293DB291F4C6F20D /* ProjectRowView.swift in Sources */ = {isa = PBXBuildFile; fileRef = 78BE3AD1E01EEA33BD6DB1C6 /* ProjectRowView.swift */; };
		12764D69F0D5F8224898949E /* DesignTokens.swift in Sources */ = {isa = PBXBuildFile; fileRef = F2BD4C5582428B3456F726D2 /* DesignTokens.swift */; };
		1581C711C6C01278186D9AD1 /* YieldApp.swift in Sources */ = {isa = PBXBuildFile; fileRef = 138C505A4936EA5B2A5B16FD /* YieldApp.swift */; };
		1777566CD97D2CB223E29E5D /* TimerBannerView.swift in Sources */ = {isa = PBXBuildFile; fileRef = 3B0E8E50D8DEBFD70A32D925 /* TimerBannerView.swift */; };
		3A7704C74BE47D08ED1E8FB8 /* Assets.xcassets in Resources */ = {isa = PBXBuildFile; fileRef = 77C42827589B10C29C0772BF /* Assets.xcassets */; };
		428D5AEC2E6086C0999F9F7E /* DMSans-Regular.ttf in Resources */ = {isa = PBXBuildFile; fileRef = 863C9FEC97046321A538FDF1 /* DMSans-Regular.ttf */; };
		539A827FDCADF80CA5457BFD /* DMSans-Italic.ttf in Resources */ = {isa = PBXBuildFile; fileRef = ADF77134916FEC24D941CE0E /* DMSans-Italic.ttf */; };
		544EDB2F52F27F528712F663 /* IdleAlertView.swift in Sources */ = {isa = PBXBuildFile; fileRef = 9F394448517841A11132011C /* IdleAlertView.swift */; };
		5B4B7C7E70A2D03365410F96 /* Sparkle in Frameworks */ = {isa = PBXBuildFile; productRef = 9DA30B681B3132D09F66457E /* Sparkle */; };
		6D46A5BB044C89897B4AB4D9 /* OAuthService.swift in Sources */ = {isa = PBXBuildFile; fileRef = 38C069FFB775F69282E721C8 /* OAuthService.swift */; };
		71D374DDC966198A7F70D9CF /* JetBrainsMono-Regular.ttf in Resources */ = {isa = PBXBuildFile; fileRef = C0FD7AEC1C89E1F04B5509F7 /* JetBrainsMono-Regular.ttf */; };
		7B0BD51F2023482E0BE67B60 /* JetBrainsMono-Medium.ttf in Resources */ = {isa = PBXBuildFile; fileRef = 04649DB88A000C743F3433D1 /* JetBrainsMono-Medium.ttf */; };
		7C1545B79A40F59B462C2BE3 /* MenuBarContentView.swift in Sources */ = {isa = PBXBuildFile; fileRef = C0220853F65E73B3AC15AAD0 /* MenuBarContentView.swift */; };
		7E0098574B85FBDBF6FF1951 /* DMSans-SemiBold.ttf in Resources */ = {isa = PBXBuildFile; fileRef = FEA76C955D9D91DB7C944F6F /* DMSans-SemiBold.ttf */; };
		7E6180F06F7AE91E39C7261E /* YieldButtonStyles.swift in Sources */ = {isa = PBXBuildFile; fileRef = C28B33F4048310D0D6B01D7C /* YieldButtonStyles.swift */; };
		8324AA3F5CF8FBC4782301B1 /* HarvestModels.swift in Sources */ = {isa = PBXBuildFile; fileRef = 9FE70177FE259AB1C37908F0 /* HarvestModels.swift */; };
		8F63E1C0A91D89249020D891 /* TimeComparisonViewModel.swift in Sources */ = {isa = PBXBuildFile; fileRef = 013EF1D97DC6E9FC35048CC1 /* TimeComparisonViewModel.swift */; };
		8F8396A0AC2F4F6920926C37 /* ForecastService.swift in Sources */ = {isa = PBXBuildFile; fileRef = EC3EF47C858A0F5BC37C9712 /* ForecastService.swift */; };
		99ED0D0543AAE1B074741BC6 /* DMSans-Medium.ttf in Resources */ = {isa = PBXBuildFile; fileRef = C89FF347DAA4997B5AD9B507 /* DMSans-Medium.ttf */; };
		A718514604B129BD1665B93E /* StatusIndicator.swift in Sources */ = {isa = PBXBuildFile; fileRef = 81C466BF14AFBAC4E43C6854 /* StatusIndicator.swift */; };
		ACB882604B7D20FC84473136 /* DropdownPicker.swift in Sources */ = {isa = PBXBuildFile; fileRef = 82BA76EB59241974EF71AF53 /* DropdownPicker.swift */; };
		C0BFE1EB7FE167CA2FBD34B4 /* NewTimerFormView.swift in Sources */ = {isa = PBXBuildFile; fileRef = 9128BE0471E69DB0E0878DA8 /* NewTimerFormView.swift */; };
		C4E96F0745CED0E60BA91284 /* HarvestService.swift in Sources */ = {isa = PBXBuildFile; fileRef = C54F1249B6E2997187DDBD28 /* HarvestService.swift */; };
		CA12BB7BD1F76E62FC87A9F1 /* DateHelpers.swift in Sources */ = {isa = PBXBuildFile; fileRef = 2C64919FC02138F05B504BF5 /* DateHelpers.swift */; };
		CB09C6FE3EFC23724CEBE6BA /* ProjectStatus.swift in Sources */ = {isa = PBXBuildFile; fileRef = ECA417D28206A2DBE49C1D74 /* ProjectStatus.swift */; };
		DAC3301F5AA18C5088CC521C /* KeychainHelper.swift in Sources */ = {isa = PBXBuildFile; fileRef = 7AC15EED42FBAABA8E309340 /* KeychainHelper.swift */; };
		DD5B690291EBA5B1C1FB36F3 /* APIClient.swift in Sources */ = {isa = PBXBuildFile; fileRef = 22A0F29CD8D3681B5AF53341 /* APIClient.swift */; };
		E334718332CF138B1EAC4ADF /* ForecastModels.swift in Sources */ = {isa = PBXBuildFile; fileRef = B95CB3E8D0461C2D0E114140 /* ForecastModels.swift */; };
		EE882AB59C60F5BAE74C3B8A /* SettingsView.swift in Sources */ = {isa = PBXBuildFile; fileRef = FF707BC7919EFF060031F5B9 /* SettingsView.swift */; };
		FDCF7D82E3EC296419530CAB /* Newsreader-Regular.ttf in Resources */ = {isa = PBXBuildFile; fileRef = 6CD7C88B49D2E0356F35FCF4 /* Newsreader-Regular.ttf */; };
/* End PBXBuildFile section */

/* Begin PBXFileReference section */
		013EF1D97DC6E9FC35048CC1 /* TimeComparisonViewModel.swift */ = {isa = PBXFileReference; lastKnownFileType = sourcecode.swift; path = TimeComparisonViewModel.swift; sourceTree = "<group>"; };
		04649DB88A000C743F3433D1 /* JetBrainsMono-Medium.ttf */ = {isa = PBXFileReference; lastKnownFileType = file; path = "JetBrainsMono-Medium.ttf"; sourceTree = "<group>"; };
		0FD374FF50C57C8CDAC6FF39 /* Newsreader-Italic.ttf */ = {isa = PBXFileReference; lastKnownFileType = file; path = "Newsreader-Italic.ttf"; sourceTree = "<group>"; };
		138C505A4936EA5B2A5B16FD /* YieldApp.swift */ = {isa = PBXFileReference; lastKnownFileType = sourcecode.swift; path = YieldApp.swift; sourceTree = "<group>"; };
		22A0F29CD8D3681B5AF53341 /* APIClient.swift */ = {isa = PBXFileReference; lastKnownFileType = sourcecode.swift; path = APIClient.swift; sourceTree = "<group>"; };
		2C64919FC02138F05B504BF5 /* DateHelpers.swift */ = {isa = PBXFileReference; lastKnownFileType = sourcecode.swift; path = DateHelpers.swift; sourceTree = "<group>"; };
		38C069FFB775F69282E721C8 /* OAuthService.swift */ = {isa = PBXFileReference; lastKnownFileType = sourcecode.swift; path = OAuthService.swift; sourceTree = "<group>"; };
		3B0E8E50D8DEBFD70A32D925 /* TimerBannerView.swift */ = {isa = PBXFileReference; lastKnownFileType = sourcecode.swift; path = TimerBannerView.swift; sourceTree = "<group>"; };
		6CD7C88B49D2E0356F35FCF4 /* Newsreader-Regular.ttf */ = {isa = PBXFileReference; lastKnownFileType = file; path = "Newsreader-Regular.ttf"; sourceTree = "<group>"; };
		77C42827589B10C29C0772BF /* Assets.xcassets */ = {isa = PBXFileReference; lastKnownFileType = folder.assetcatalog; path = Assets.xcassets; sourceTree = "<group>"; };
		78BE3AD1E01EEA33BD6DB1C6 /* ProjectRowView.swift */ = {isa = PBXFileReference; lastKnownFileType = sourcecode.swift; path = ProjectRowView.swift; sourceTree = "<group>"; };
		7AC15EED42FBAABA8E309340 /* KeychainHelper.swift */ = {isa = PBXFileReference; lastKnownFileType = sourcecode.swift; path = KeychainHelper.swift; sourceTree = "<group>"; };
		81C466BF14AFBAC4E43C6854 /* StatusIndicator.swift */ = {isa = PBXFileReference; lastKnownFileType = sourcecode.swift; path = StatusIndicator.swift; sourceTree = "<group>"; };
		82BA76EB59241974EF71AF53 /* DropdownPicker.swift */ = {isa = PBXFileReference; lastKnownFileType = sourcecode.swift; path = DropdownPicker.swift; sourceTree = "<group>"; };
		863C9FEC97046321A538FDF1 /* DMSans-Regular.ttf */ = {isa = PBXFileReference; lastKnownFileType = file; path = "DMSans-Regular.ttf"; sourceTree = "<group>"; };
		9128BE0471E69DB0E0878DA8 /* NewTimerFormView.swift */ = {isa = PBXFileReference; lastKnownFileType = sourcecode.swift; path = NewTimerFormView.swift; sourceTree = "<group>"; };
		9F394448517841A11132011C /* IdleAlertView.swift */ = {isa = PBXFileReference; lastKnownFileType = sourcecode.swift; path = IdleAlertView.swift; sourceTree = "<group>"; };
		9FE70177FE259AB1C37908F0 /* HarvestModels.swift */ = {isa = PBXFileReference; lastKnownFileType = sourcecode.swift; path = HarvestModels.swift; sourceTree = "<group>"; };
		ADF77134916FEC24D941CE0E /* DMSans-Italic.ttf */ = {isa = PBXFileReference; lastKnownFileType = file; path = "DMSans-Italic.ttf"; sourceTree = "<group>"; };
		B95CB3E8D0461C2D0E114140 /* ForecastModels.swift */ = {isa = PBXFileReference; lastKnownFileType = sourcecode.swift; path = ForecastModels.swift; sourceTree = "<group>"; };
		C0220853F65E73B3AC15AAD0 /* MenuBarContentView.swift */ = {isa = PBXFileReference; lastKnownFileType = sourcecode.swift; path = MenuBarContentView.swift; sourceTree = "<group>"; };
		C0FD7AEC1C89E1F04B5509F7 /* JetBrainsMono-Regular.ttf */ = {isa = PBXFileReference; lastKnownFileType = file; path = "JetBrainsMono-Regular.ttf"; sourceTree = "<group>"; };
		C28B33F4048310D0D6B01D7C /* YieldButtonStyles.swift */ = {isa = PBXFileReference; lastKnownFileType = sourcecode.swift; path = YieldButtonStyles.swift; sourceTree = "<group>"; };
		C54F1249B6E2997187DDBD28 /* HarvestService.swift */ = {isa = PBXFileReference; lastKnownFileType = sourcecode.swift; path = HarvestService.swift; sourceTree = "<group>"; };
		C89FF347DAA4997B5AD9B507 /* DMSans-Medium.ttf */ = {isa = PBXFileReference; lastKnownFileType = file; path = "DMSans-Medium.ttf"; sourceTree = "<group>"; };
		DB799247D52776862953EA20 /* Yield.app */ = {isa = PBXFileReference; explicitFileType = wrapper.application; includeInIndex = 0; path = Yield.app; sourceTree = BUILT_PRODUCTS_DIR; };
		DC77F3D780AE30B89DA4D28E /* Secrets.xcconfig */ = {isa = PBXFileReference; lastKnownFileType = text.xcconfig; path = Secrets.xcconfig; sourceTree = "<group>"; };
		E6AE4314E6BA70459850E000 /* Yield.entitlements */ = {isa = PBXFileReference; lastKnownFileType = text.plist.entitlements; path = Yield.entitlements; sourceTree = "<group>"; };
		EC3EF47C858A0F5BC37C9712 /* ForecastService.swift */ = {isa = PBXFileReference; lastKnownFileType = sourcecode.swift; path = ForecastService.swift; sourceTree = "<group>"; };
		ECA417D28206A2DBE49C1D74 /* ProjectStatus.swift */ = {isa = PBXFileReference; lastKnownFileType = sourcecode.swift; path = ProjectStatus.swift; sourceTree = "<group>"; };
		F160FBF429C939C04135CD72 /* Info.plist */ = {isa = PBXFileReference; lastKnownFileType = text.plist; path = Info.plist; sourceTree = "<group>"; };
		F2BD4C5582428B3456F726D2 /* DesignTokens.swift */ = {isa = PBXFileReference; lastKnownFileType = sourcecode.swift; path = DesignTokens.swift; sourceTree = "<group>"; };
		FEA76C955D9D91DB7C944F6F /* DMSans-SemiBold.ttf */ = {isa = PBXFileReference; lastKnownFileType = file; path = "DMSans-SemiBold.ttf"; sourceTree = "<group>"; };
		FF707BC7919EFF060031F5B9 /* SettingsView.swift */ = {isa = PBXFileReference; lastKnownFileType = sourcecode.swift; path = SettingsView.swift; sourceTree = "<group>"; };
/* End PBXFileReference section */

/* Begin PBXFrameworksBuildPhase section */
		00B855C0BDFE258F80A41B52 /* Frameworks */ = {
			isa = PBXFrameworksBuildPhase;
			buildActionMask = 2147483647;
			files = (
				5B4B7C7E70A2D03365410F96 /* Sparkle in Frameworks */,
			);
			runOnlyForDeploymentPostprocessing = 0;
		};
/* End PBXFrameworksBuildPhase section */

/* Begin PBXGroup section */
		0F199186D4AF3FD295A6F4A1 /* Theme */ = {
			isa = PBXGroup;
			children = (
				F2BD4C5582428B3456F726D2 /* DesignTokens.swift */,
				C28B33F4048310D0D6B01D7C /* YieldButtonStyles.swift */,
			);
			path = Theme;
			sourceTree = "<group>";
		};
		199AB3410A9C93071B0BC47D /* Fonts */ = {
			isa = PBXGroup;
			children = (
				ADF77134916FEC24D941CE0E /* DMSans-Italic.ttf */,
				C89FF347DAA4997B5AD9B507 /* DMSans-Medium.ttf */,
				863C9FEC97046321A538FDF1 /* DMSans-Regular.ttf */,
				FEA76C955D9D91DB7C944F6F /* DMSans-SemiBold.ttf */,
				04649DB88A000C743F3433D1 /* JetBrainsMono-Medium.ttf */,
				C0FD7AEC1C89E1F04B5509F7 /* JetBrainsMono-Regular.ttf */,
				0FD374FF50C57C8CDAC6FF39 /* Newsreader-Italic.ttf */,
				6CD7C88B49D2E0356F35FCF4 /* Newsreader-Regular.ttf */,
			);
			path = Fonts;
			sourceTree = "<group>";
		};
		3033EBE91A451B730FFD84ED = {
			isa = PBXGroup;
			children = (
				8EB7C0973F6B178FE8C6BAFA /* Yield */,
				4622807E83DB620559DD6D8B /* yield-app */,
				DA617D7850417F3DE5B5E450 /* Products */,
			);
			sourceTree = "<group>";
		};
		4622807E83DB620559DD6D8B /* yield-app */ = {
			isa = PBXGroup;
			children = (
				DC77F3D780AE30B89DA4D28E /* Secrets.xcconfig */,
			);
			name = "yield-app";
			path = .;
			sourceTree = "<group>";
		};
		6BB3D5EF89C68D9AF3EBB7EB /* Models */ = {
			isa = PBXGroup;
			children = (
				B95CB3E8D0461C2D0E114140 /* ForecastModels.swift */,
				9FE70177FE259AB1C37908F0 /* HarvestModels.swift */,
				ECA417D28206A2DBE49C1D74 /* ProjectStatus.swift */,
			);
			path = Models;
			sourceTree = "<group>";
		};
		71FFAF9716A1EF04B6484132 /* Services */ = {
			isa = PBXGroup;
			children = (
				22A0F29CD8D3681B5AF53341 /* APIClient.swift */,
				2C64919FC02138F05B504BF5 /* DateHelpers.swift */,
				EC3EF47C858A0F5BC37C9712 /* ForecastService.swift */,
				C54F1249B6E2997187DDBD28 /* HarvestService.swift */,
				7AC15EED42FBAABA8E309340 /* KeychainHelper.swift */,
				38C069FFB775F69282E721C8 /* OAuthService.swift */,
			);
			path = Services;
			sourceTree = "<group>";
		};
		7717F3661F43978AF12A68F8 /* Views */ = {
			isa = PBXGroup;
			children = (
				82BA76EB59241974EF71AF53 /* DropdownPicker.swift */,
				9F394448517841A11132011C /* IdleAlertView.swift */,
				C0220853F65E73B3AC15AAD0 /* MenuBarContentView.swift */,
				9128BE0471E69DB0E0878DA8 /* NewTimerFormView.swift */,
				78BE3AD1E01EEA33BD6DB1C6 /* ProjectRowView.swift */,
				FF707BC7919EFF060031F5B9 /* SettingsView.swift */,
				81C466BF14AFBAC4E43C6854 /* StatusIndicator.swift */,
				3B0E8E50D8DEBFD70A32D925 /* TimerBannerView.swift */,
			);
			path = Views;
			sourceTree = "<group>";
		};
		8EB7C0973F6B178FE8C6BAFA /* Yield */ = {
			isa = PBXGroup;
			children = (
				77C42827589B10C29C0772BF /* Assets.xcassets */,
				F160FBF429C939C04135CD72 /* Info.plist */,
				E6AE4314E6BA70459850E000 /* Yield.entitlements */,
				138C505A4936EA5B2A5B16FD /* YieldApp.swift */,
				199AB3410A9C93071B0BC47D /* Fonts */,
				6BB3D5EF89C68D9AF3EBB7EB /* Models */,
				71FFAF9716A1EF04B6484132 /* Services */,
				0F199186D4AF3FD295A6F4A1 /* Theme */,
				D3B5A7C7F5442F6458993853 /* ViewModels */,
				7717F3661F43978AF12A68F8 /* Views */,
			);
			path = Yield;
			sourceTree = "<group>";
		};
		D3B5A7C7F5442F6458993853 /* ViewModels */ = {
			isa = PBXGroup;
			children = (
				013EF1D97DC6E9FC35048CC1 /* TimeComparisonViewModel.swift */,
			);
			path = ViewModels;
			sourceTree = "<group>";
		};
		DA617D7850417F3DE5B5E450 /* Products */ = {
			isa = PBXGroup;
			children = (
				DB799247D52776862953EA20 /* Yield.app */,
			);
			name = Products;
			sourceTree = "<group>";
		};
/* End PBXGroup section */

/* Begin PBXNativeTarget section */
		80FA4315DB576A65091DEC8D /* Yield */ = {
			isa = PBXNativeTarget;
			buildConfigurationList = 9853073B74E0A7F3E669D0F6 /* Build configuration list for PBXNativeTarget "Yield" */;
			buildPhases = (
				B6360F9D34C5E980EEA58535 /* Sources */,
				75822A2C9F2A4BA0368EC487 /* Resources */,
				00B855C0BDFE258F80A41B52 /* Frameworks */,
			);
			buildRules = (
			);
			dependencies = (
			);
			name = Yield;
			packageProductDependencies = (
				9DA30B681B3132D09F66457E /* Sparkle */,
			);
			productName = Yield;
			productReference = DB799247D52776862953EA20 /* Yield.app */;
			productType = "com.apple.product-type.application";
		};
/* End PBXNativeTarget section */

/* Begin PBXProject section */
		F0F44E4E104DD0DED0299017 /* Project object */ = {
			isa = PBXProject;
			attributes = {
				BuildIndependentTargetsInParallel = YES;
				LastUpgradeCheck = 1500;
				TargetAttributes = {
					80FA4315DB576A65091DEC8D = {
						DevelopmentTeam = 7G49Y875S8;
						ProvisioningStyle = Manual;
					};
				};
			};
			buildConfigurationList = 90544BB874434444D6913B70 /* Build configuration list for PBXProject "Yield" */;
			developmentRegion = en;
			hasScannedForEncodings = 0;
			knownRegions = (
				Base,
				en,
			);
			mainGroup = 3033EBE91A451B730FFD84ED;
			minimizedProjectReferenceProxies = 1;
			packageReferences = (
				F3170BB7129450C759BEFA27 /* XCRemoteSwiftPackageReference "Sparkle" */,
			);
			preferredProjectObjectVersion = 77;
			productRefGroup = DA617D7850417F3DE5B5E450 /* Products */;
			projectDirPath = "";
			projectRoot = "";
			targets = (
				80FA4315DB576A65091DEC8D /* Yield */,
			);
		};
/* End PBXProject section */

/* Begin PBXResourcesBuildPhase section */
		75822A2C9F2A4BA0368EC487 /* Resources */ = {
			isa = PBXResourcesBuildPhase;
			buildActionMask = 2147483647;
			files = (
				3A7704C74BE47D08ED1E8FB8 /* Assets.xcassets in Resources */,
				539A827FDCADF80CA5457BFD /* DMSans-Italic.ttf in Resources */,
				99ED0D0543AAE1B074741BC6 /* DMSans-Medium.ttf in Resources */,
				428D5AEC2E6086C0999F9F7E /* DMSans-Regular.ttf in Resources */,
				7E0098574B85FBDBF6FF1951 /* DMSans-SemiBold.ttf in Resources */,
				7B0BD51F2023482E0BE67B60 /* JetBrainsMono-Medium.ttf in Resources */,
				71D374DDC966198A7F70D9CF /* JetBrainsMono-Regular.ttf in Resources */,
				00CF200AE600512B319C3288 /* Newsreader-Italic.ttf in Resources */,
				FDCF7D82E3EC296419530CAB /* Newsreader-Regular.ttf in Resources */,
			);
			runOnlyForDeploymentPostprocessing = 0;
		};
/* End PBXResourcesBuildPhase section */

/* Begin PBXSourcesBuildPhase section */
		B6360F9D34C5E980EEA58535 /* Sources */ = {
			isa = PBXSourcesBuildPhase;
			buildActionMask = 2147483647;
			files = (
				DD5B690291EBA5B1C1FB36F3 /* APIClient.swift in Sources */,
				CA12BB7BD1F76E62FC87A9F1 /* DateHelpers.swift in Sources */,
				12764D69F0D5F8224898949E /* DesignTokens.swift in Sources */,
				ACB882604B7D20FC84473136 /* DropdownPicker.swift in Sources */,
				E334718332CF138B1EAC4ADF /* ForecastModels.swift in Sources */,
				8F8396A0AC2F4F6920926C37 /* ForecastService.swift in Sources */,
				8324AA3F5CF8FBC4782301B1 /* HarvestModels.swift in Sources */,
				C4E96F0745CED0E60BA91284 /* HarvestService.swift in Sources */,
				544EDB2F52F27F528712F663 /* IdleAlertView.swift in Sources */,
				DAC3301F5AA18C5088CC521C /* KeychainHelper.swift in Sources */,
				7C1545B79A40F59B462C2BE3 /* MenuBarContentView.swift in Sources */,
				C0BFE1EB7FE167CA2FBD34B4 /* NewTimerFormView.swift in Sources */,
				6D46A5BB044C89897B4AB4D9 /* OAuthService.swift in Sources */,
				0A4CD72A293DB291F4C6F20D /* ProjectRowView.swift in Sources */,
				CB09C6FE3EFC23724CEBE6BA /* ProjectStatus.swift in Sources */,
				EE882AB59C60F5BAE74C3B8A /* SettingsView.swift in Sources */,
				A718514604B129BD1665B93E /* StatusIndicator.swift in Sources */,
				8F63E1C0A91D89249020D891 /* TimeComparisonViewModel.swift in Sources */,
				1777566CD97D2CB223E29E5D /* TimerBannerView.swift in Sources */,
				1581C711C6C01278186D9AD1 /* YieldApp.swift in Sources */,
				7E6180F06F7AE91E39C7261E /* YieldButtonStyles.swift in Sources */,
			);
			runOnlyForDeploymentPostprocessing = 0;
		};
/* End PBXSourcesBuildPhase section */

/* Begin XCBuildConfiguration section */
		19414FD4882167234890B306 /* Debug */ = {
			isa = XCBuildConfiguration;
			buildSettings = {
				ALWAYS_SEARCH_USER_PATHS = NO;
				CLANG_ANALYZER_NONNULL = YES;
				CLANG_ANALYZER_NUMBER_OBJECT_CONVERSION = YES_AGGRESSIVE;
				CLANG_CXX_LANGUAGE_STANDARD = "gnu++14";
				CLANG_CXX_LIBRARY = "libc++";
				CLANG_ENABLE_MODULES = YES;
				CLANG_ENABLE_OBJC_ARC = YES;
				CLANG_ENABLE_OBJC_WEAK = YES;
				CLANG_WARN_BLOCK_CAPTURE_AUTORELEASING = YES;
				CLANG_WARN_BOOL_CONVERSION = YES;
				CLANG_WARN_COMMA = YES;
				CLANG_WARN_CONSTANT_CONVERSION = YES;
				CLANG_WARN_DEPRECATED_OBJC_IMPLEMENTATIONS = YES;
				CLANG_WARN_DIRECT_OBJC_ISA_USAGE = YES_ERROR;
				CLANG_WARN_DOCUMENTATION_COMMENTS = YES;
				CLANG_WARN_EMPTY_BODY = YES;
				CLANG_WARN_ENUM_CONVERSION = YES;
				CLANG_WARN_INFINITE_RECURSION = YES;
				CLANG_WARN_INT_CONVERSION = YES;
				CLANG_WARN_NON_LITERAL_NULL_CONVERSION = YES;
				CLANG_WARN_OBJC_IMPLICIT_RETAIN_SELF = YES;
				CLANG_WARN_OBJC_LITERAL_CONVERSION = YES;
				CLANG_WARN_OBJC_ROOT_CLASS = YES_ERROR;
				CLANG_WARN_QUOTED_INCLUDE_IN_FRAMEWORK_HEADER = YES;
				CLANG_WARN_RANGE_LOOP_ANALYSIS = YES;
				CLANG_WARN_STRICT_PROTOTYPES = YES;
				CLANG_WARN_SUSPICIOUS_MOVE = YES;
				CLANG_WARN_UNGUARDED_AVAILABILITY = YES_AGGRESSIVE;
				CLANG_WARN_UNREACHABLE_CODE = YES;
				CLANG_WARN__DUPLICATE_METHOD_MATCH = YES;
				COPY_PHASE_STRIP = NO;
				DEBUG_INFORMATION_FORMAT = dwarf;
				ENABLE_STRICT_OBJC_MSGSEND = YES;
				ENABLE_TESTABILITY = YES;
				GCC_C_LANGUAGE_STANDARD = gnu11;
				GCC_DYNAMIC_NO_PIC = NO;
				GCC_NO_COMMON_BLOCKS = YES;
				GCC_OPTIMIZATION_LEVEL = 0;
				GCC_PREPROCESSOR_DEFINITIONS = (
					"$(inherited)",
					"DEBUG=1",
				);
				GCC_WARN_64_TO_32_BIT_CONVERSION = YES;
				GCC_WARN_ABOUT_RETURN_TYPE = YES_ERROR;
				GCC_WARN_UNDECLARED_SELECTOR = YES;
				GCC_WARN_UNINITIALIZED_AUTOS = YES_AGGRESSIVE;
				GCC_WARN_UNUSED_FUNCTION = YES;
				GCC_WARN_UNUSED_VARIABLE = YES;
				MACOSX_DEPLOYMENT_TARGET = 14.0;
				MTL_ENABLE_DEBUG_INFO = INCLUDE_SOURCE;
				MTL_FAST_MATH = YES;
				ONLY_ACTIVE_ARCH = YES;
				PRODUCT_NAME = "$(TARGET_NAME)";
				SDKROOT = macosx;
				SWIFT_ACTIVE_COMPILATION_CONDITIONS = DEBUG;
				SWIFT_OPTIMIZATION_LEVEL = "-Onone";
				SWIFT_VERSION = 5.0;
			};
			name = Debug;
		};
		95D5531BD1FE9D54EEC72401 /* Release */ = {
			isa = XCBuildConfiguration;
			buildSettings = {
				ALWAYS_SEARCH_USER_PATHS = NO;
				CLANG_ANALYZER_NONNULL = YES;
				CLANG_ANALYZER_NUMBER_OBJECT_CONVERSION = YES_AGGRESSIVE;
				CLANG_CXX_LANGUAGE_STANDARD = "gnu++14";
				CLANG_CXX_LIBRARY = "libc++";
				CLANG_ENABLE_MODULES = YES;
				CLANG_ENABLE_OBJC_ARC = YES;
				CLANG_ENABLE_OBJC_WEAK = YES;
				CLANG_WARN_BLOCK_CAPTURE_AUTORELEASING = YES;
				CLANG_WARN_BOOL_CONVERSION = YES;
				CLANG_WARN_COMMA = YES;
				CLANG_WARN_CONSTANT_CONVERSION = YES;
				CLANG_WARN_DEPRECATED_OBJC_IMPLEMENTATIONS = YES;
				CLANG_WARN_DIRECT_OBJC_ISA_USAGE = YES_ERROR;
				CLANG_WARN_DOCUMENTATION_COMMENTS = YES;
				CLANG_WARN_EMPTY_BODY = YES;
				CLANG_WARN_ENUM_CONVERSION = YES;
				CLANG_WARN_INFINITE_RECURSION = YES;
				CLANG_WARN_INT_CONVERSION = YES;
				CLANG_WARN_NON_LITERAL_NULL_CONVERSION = YES;
				CLANG_WARN_OBJC_IMPLICIT_RETAIN_SELF = YES;
				CLANG_WARN_OBJC_LITERAL_CONVERSION = YES;
				CLANG_WARN_OBJC_ROOT_CLASS = YES_ERROR;
				CLANG_WARN_QUOTED_INCLUDE_IN_FRAMEWORK_HEADER = YES;
				CLANG_WARN_RANGE_LOOP_ANALYSIS = YES;
				CLANG_WARN_STRICT_PROTOTYPES = YES;
				CLANG_WARN_SUSPICIOUS_MOVE = YES;
				CLANG_WARN_UNGUARDED_AVAILABILITY = YES_AGGRESSIVE;
				CLANG_WARN_UNREACHABLE_CODE = YES;
				CLANG_WARN__DUPLICATE_METHOD_MATCH = YES;
				COPY_PHASE_STRIP = NO;
				DEBUG_INFORMATION_FORMAT = "dwarf-with-dsym";
				ENABLE_NS_ASSERTIONS = NO;
				ENABLE_STRICT_OBJC_MSGSEND = YES;
				GCC_C_LANGUAGE_STANDARD = gnu11;
				GCC_NO_COMMON_BLOCKS = YES;
				GCC_WARN_64_TO_32_BIT_CONVERSION = YES;
				GCC_WARN_ABOUT_RETURN_TYPE = YES_ERROR;
				GCC_WARN_UNDECLARED_SELECTOR = YES;
				GCC_WARN_UNINITIALIZED_AUTOS = YES_AGGRESSIVE;
				GCC_WARN_UNUSED_FUNCTION = YES;
				GCC_WARN_UNUSED_VARIABLE = YES;
				MACOSX_DEPLOYMENT_TARGET = 14.0;
				MTL_ENABLE_DEBUG_INFO = NO;
				MTL_FAST_MATH = YES;
				PRODUCT_NAME = "$(TARGET_NAME)";
				SDKROOT = macosx;
				SWIFT_COMPILATION_MODE = wholemodule;
				SWIFT_OPTIMIZATION_LEVEL = "-O";
				SWIFT_VERSION = 5.0;
			};
			name = Release;
		};
		F0ED4E867366C249A48BF621 /* Release */ = {
			isa = XCBuildConfiguration;
			baseConfigurationReference = DC77F3D780AE30B89DA4D28E /* Secrets.xcconfig */;
			buildSettings = {
				ASSETCATALOG_COMPILER_APPICON_NAME = AppIcon;
				CODE_SIGN_ENTITLEMENTS = Yield/Yield.entitlements;
				CODE_SIGN_IDENTITY = "Developer ID Application: Jeremy Fields (7G49Y875S8)";
				CODE_SIGN_STYLE = Manual;
				COMBINE_HIDPI_IMAGES = YES;
				CURRENT_PROJECT_VERSION = 20;
				DEVELOPMENT_TEAM = 7G49Y875S8;
				ENABLE_HARDENED_RUNTIME = YES;
				INFOPLIST_FILE = Yield/Info.plist;
				LD_RUNPATH_SEARCH_PATHS = (
					"$(inherited)",
					"@executable_path/../Frameworks",
				);
				MACOSX_DEPLOYMENT_TARGET = 14.0;
				MARKETING_VERSION = 0.9.7.5;
				PRODUCT_BUNDLE_IDENTIFIER = com.yield;
				PRODUCT_NAME = Yield;
				SDKROOT = macosx;
				SWIFT_VERSION = 5.9;
			};
			name = Release;
		};
		F5415641154FD9814AC7C09C /* Debug */ = {
			isa = XCBuildConfiguration;
			baseConfigurationReference = DC77F3D780AE30B89DA4D28E /* Secrets.xcconfig */;
			buildSettings = {
				ASSETCATALOG_COMPILER_APPICON_NAME = AppIcon;
				CODE_SIGN_ENTITLEMENTS = Yield/Yield.entitlements;
				CODE_SIGN_IDENTITY = "Developer ID Application: Jeremy Fields (7G49Y875S8)";
				CODE_SIGN_STYLE = Manual;
				COMBINE_HIDPI_IMAGES = YES;
				CURRENT_PROJECT_VERSION = 20;
				DEVELOPMENT_TEAM = 7G49Y875S8;
				ENABLE_HARDENED_RUNTIME = YES;
				INFOPLIST_FILE = Yield/Info.plist;
				LD_RUNPATH_SEARCH_PATHS = (
					"$(inherited)",
					"@executable_path/../Frameworks",
				);
				MACOSX_DEPLOYMENT_TARGET = 14.0;
				MARKETING_VERSION = 0.9.7.5;
				PRODUCT_BUNDLE_IDENTIFIER = com.yield;
				PRODUCT_NAME = Yield;
				SDKROOT = macosx;
				SWIFT_VERSION = 5.9;
			};
			name = Debug;
		};
/* End XCBuildConfiguration section */

/* Begin XCConfigurationList section */
		90544BB874434444D6913B70 /* Build configuration list for PBXProject "Yield" */ = {
			isa = XCConfigurationList;
			buildConfigurations = (
				19414FD4882167234890B306 /* Debug */,
				95D5531BD1FE9D54EEC72401 /* Release */,
			);
			defaultConfigurationIsVisible = 0;
			defaultConfigurationName = Debug;
		};
		9853073B74E0A7F3E669D0F6 /* Build configuration list for PBXNativeTarget "Yield" */ = {
			isa = XCConfigurationList;
			buildConfigurations = (
				F5415641154FD9814AC7C09C /* Debug */,
				F0ED4E867366C249A48BF621 /* Release */,
			);
			defaultConfigurationIsVisible = 0;
			defaultConfigurationName = Debug;
		};
/* End XCConfigurationList section */

/* Begin XCRemoteSwiftPackageReference section */
		F3170BB7129450C759BEFA27 /* XCRemoteSwiftPackageReference "Sparkle" */ = {
			isa = XCRemoteSwiftPackageReference;
			repositoryURL = "https://github.com/sparkle-project/Sparkle";
			requirement = {
				kind = upToNextMajorVersion;
				minimumVersion = 2.6.0;
			};
		};
/* End XCRemoteSwiftPackageReference section */

/* Begin XCSwiftPackageProductDependency section */
		9DA30B681B3132D09F66457E /* Sparkle */ = {
			isa = XCSwiftPackageProductDependency;
			package = F3170BB7129450C759BEFA27 /* XCRemoteSwiftPackageReference "Sparkle" */;
			productName = Sparkle;
		};
/* End XCSwiftPackageProductDependency section */
	};
	rootObject = F0F44E4E104DD0DED0299017 /* Project object */;
}
